// !$*UTF8*$!
{
	archiveVersion = 1;
	classes = {
	};
	objectVersion = 56;
	objects = {

/* Begin PBXBuildFile section */
		200479BF29D2036500990591 /* SignUp.swift in Sources */ = {isa = PBXBuildFile; fileRef = 200479BE29D2036500990591 /* SignUp.swift */; };
		200479C129D3768100990591 /* ThirdPage.swift in Sources */ = {isa = PBXBuildFile; fileRef = 200479C029D3768100990591 /* ThirdPage.swift */; };
		200479C329D434A300990591 /* SignIn.swift in Sources */ = {isa = PBXBuildFile; fileRef = 200479C229D434A200990591 /* SignIn.swift */; };
		200479C529D55F9E00990591 /* FourthPage.swift in Sources */ = {isa = PBXBuildFile; fileRef = 200479C429D55F9E00990591 /* FourthPage.swift */; };
		200479C729D5719700990591 /* FifthPage.swift in Sources */ = {isa = PBXBuildFile; fileRef = 200479C629D5719700990591 /* FifthPage.swift */; };
		20B6A2E229D17B9D00CFC7D8 /* AppDelegate.swift in Sources */ = {isa = PBXBuildFile; fileRef = 20B6A2E129D17B9D00CFC7D8 /* AppDelegate.swift */; };
		20B6A2E429D17B9D00CFC7D8 /* SceneDelegate.swift in Sources */ = {isa = PBXBuildFile; fileRef = 20B6A2E329D17B9D00CFC7D8 /* SceneDelegate.swift */; };
		20B6A2E629D17B9D00CFC7D8 /* ScreenStart.swift in Sources */ = {isa = PBXBuildFile; fileRef = 20B6A2E529D17B9D00CFC7D8 /* ScreenStart.swift */; };
		20B6A2EB29D17B9E00CFC7D8 /* Assets.xcassets in Resources */ = {isa = PBXBuildFile; fileRef = 20B6A2EA29D17B9E00CFC7D8 /* Assets.xcassets */; };
		20B6A2EE29D17B9E00CFC7D8 /* LaunchScreen.storyboard in Resources */ = {isa = PBXBuildFile; fileRef = 20B6A2EC29D17B9E00CFC7D8 /* LaunchScreen.storyboard */; };
/* End PBXBuildFile section */

/* Begin PBXFileReference section */
		200479BE29D2036500990591 /* SignUp.swift */ = {isa = PBXFileReference; lastKnownFileType = sourcecode.swift; path = SignUp.swift; sourceTree = "<group>"; };
		200479C029D3768100990591 /* ThirdPage.swift */ = {isa = PBXFileReference; lastKnownFileType = sourcecode.swift; path = ThirdPage.swift; sourceTree = "<group>"; };
		200479C229D434A200990591 /* SignIn.swift */ = {isa = PBXFileReference; lastKnownFileType = sourcecode.swift; path = SignIn.swift; sourceTree = "<group>"; };
		200479C429D55F9E00990591 /* FourthPage.swift */ = {isa = PBXFileReference; lastKnownFileType = sourcecode.swift; path = FourthPage.swift; sourceTree = "<group>"; };
		200479C629D5719700990591 /* FifthPage.swift */ = {isa = PBXFileReference; lastKnownFileType = sourcecode.swift; path = FifthPage.swift; sourceTree = "<group>"; };
		20B6A2DE29D17B9D00CFC7D8 /* Work Out Club.app */ = {isa = PBXFileReference; explicitFileType = wrapper.application; includeInIndex = 0; path = "Work Out Club.app"; sourceTree = BUILT_PRODUCTS_DIR; };
		20B6A2E129D17B9D00CFC7D8 /* AppDelegate.swift */ = {isa = PBXFileReference; lastKnownFileType = sourcecode.swift; path = AppDelegate.swift; sourceTree = "<group>"; };
		20B6A2E329D17B9D00CFC7D8 /* SceneDelegate.swift */ = {isa = PBXFileReference; lastKnownFileType = sourcecode.swift; path = SceneDelegate.swift; sourceTree = "<group>"; };
		20B6A2E529D17B9D00CFC7D8 /* ScreenStart.swift */ = {isa = PBXFileReference; lastKnownFileType = sourcecode.swift; path = ScreenStart.swift; sourceTree = "<group>"; };
		20B6A2EA29D17B9E00CFC7D8 /* Assets.xcassets */ = {isa = PBXFileReference; lastKnownFileType = folder.assetcatalog; path = Assets.xcassets; sourceTree = "<group>"; };
		20B6A2ED29D17B9E00CFC7D8 /* Base */ = {isa = PBXFileReference; lastKnownFileType = file.storyboard; name = Base; path = Base.lproj/LaunchScreen.storyboard; sourceTree = "<group>"; };
		20B6A2EF29D17B9E00CFC7D8 /* Info.plist */ = {isa = PBXFileReference; lastKnownFileType = text.plist.xml; path = Info.plist; sourceTree = "<group>"; };
/* End PBXFileReference section */

/* Begin PBXFrameworksBuildPhase section */
		20B6A2DB29D17B9D00CFC7D8 /* Frameworks */ = {
			isa = PBXFrameworksBuildPhase;
			buildActionMask = 2147483647;
			files = (
			);
			runOnlyForDeploymentPostprocessing = 0;
		};
/* End PBXFrameworksBuildPhase section */

/* Begin PBXGroup section */
		20B6A2D529D17B9D00CFC7D8 = {
			isa = PBXGroup;
			children = (
				20B6A2E029D17B9D00CFC7D8 /* Work Out Club */,
				20B6A2DF29D17B9D00CFC7D8 /* Products */,
			);
			sourceTree = "<group>";
		};
		20B6A2DF29D17B9D00CFC7D8 /* Products */ = {
			isa = PBXGroup;
			children = (
				20B6A2DE29D17B9D00CFC7D8 /* Work Out Club.app */,
			);
			name = Products;
			sourceTree = "<group>";
		};
		20B6A2E029D17B9D00CFC7D8 /* Work Out Club */ = {
			isa = PBXGroup;
			children = (
				20B6A2F629D17E6200CFC7D8 /* Other */,
				20B6A2F529D17E4E00CFC7D8 /* Views */,
				20B6A2EA29D17B9E00CFC7D8 /* Assets.xcassets */,
				20B6A2EC29D17B9E00CFC7D8 /* LaunchScreen.storyboard */,
				20B6A2EF29D17B9E00CFC7D8 /* Info.plist */,
			);
			path = "Work Out Club";
			sourceTree = "<group>";
		};
		20B6A2F529D17E4E00CFC7D8 /* Views */ = {
			isa = PBXGroup;
			children = (
				20B6A2E529D17B9D00CFC7D8 /* ScreenStart.swift */,
				200479BE29D2036500990591 /* SignUp.swift */,
				200479C029D3768100990591 /* ThirdPage.swift */,
				200479C229D434A200990591 /* SignIn.swift */,
				200479C429D55F9E00990591 /* FourthPage.swift */,
				200479C629D5719700990591 /* FifthPage.swift */,
			);
			path = Views;
			sourceTree = "<group>";
		};
		20B6A2F629D17E6200CFC7D8 /* Other */ = {
			isa = PBXGroup;
			children = (
				20B6A2E129D17B9D00CFC7D8 /* AppDelegate.swift */,
				20B6A2E329D17B9D00CFC7D8 /* SceneDelegate.swift */,
			);
			path = Other;
			sourceTree = "<group>";
		};
/* End PBXGroup section */

/* Begin PBXNativeTarget section */
		20B6A2DD29D17B9D00CFC7D8 /* Work Out Club */ = {
			isa = PBXNativeTarget;
			buildConfigurationList = 20B6A2F229D17B9E00CFC7D8 /* Build configuration list for PBXNativeTarget "Work Out Club" */;
			buildPhases = (
				20B6A2DA29D17B9D00CFC7D8 /* Sources */,
				20B6A2DB29D17B9D00CFC7D8 /* Frameworks */,
				20B6A2DC29D17B9D00CFC7D8 /* Resources */,
			);
			buildRules = (
			);
			dependencies = (
			);
			name = "Work Out Club";
			productName = "Work Out Club";
			productReference = 20B6A2DE29D17B9D00CFC7D8 /* Work Out Club.app */;
			productType = "com.apple.product-type.application";
		};
/* End PBXNativeTarget section */

/* Begin PBXProject section */
		20B6A2D629D17B9D00CFC7D8 /* Project object */ = {
			isa = PBXProject;
			attributes = {
				BuildIndependentTargetsInParallel = 1;
				LastSwiftUpdateCheck = 1420;
				LastUpgradeCheck = 1420;
				TargetAttributes = {
					20B6A2DD29D17B9D00CFC7D8 = {
						CreatedOnToolsVersion = 14.2;
					};
				};
			};
			buildConfigurationList = 20B6A2D929D17B9D00CFC7D8 /* Build configuration list for PBXProject "Work Out Club" */;
			compatibilityVersion = "Xcode 14.0";
			developmentRegion = en;
			hasScannedForEncodings = 0;
			knownRegions = (
				en,
				Base,
			);
			mainGroup = 20B6A2D529D17B9D00CFC7D8;
			productRefGroup = 20B6A2DF29D17B9D00CFC7D8 /* Products */;
			projectDirPath = "";
			projectRoot = "";
			targets = (
				20B6A2DD29D17B9D00CFC7D8 /* Work Out Club */,
			);
		};
/* End PBXProject section */

/* Begin PBXResourcesBuildPhase section */
		20B6A2DC29D17B9D00CFC7D8 /* Resources */ = {
			isa = PBXResourcesBuildPhase;
			buildActionMask = 2147483647;
			files = (
				20B6A2EE29D17B9E00CFC7D8 /* LaunchScreen.storyboard in Resources */,
				20B6A2EB29D17B9E00CFC7D8 /* Assets.xcassets in Resources */,
			);
			runOnlyForDeploymentPostprocessing = 0;
		};
/* End PBXResourcesBuildPhase section */

/* Begin PBXSourcesBuildPhase section */
		20B6A2DA29D17B9D00CFC7D8 /* Sources */ = {
			isa = PBXSourcesBuildPhase;
			buildActionMask = 2147483647;
			files = (
				200479C729D5719700990591 /* FifthPage.swift in Sources */,
				200479C529D55F9E00990591 /* FourthPage.swift in Sources */,
				20B6A2E629D17B9D00CFC7D8 /* ScreenStart.swift in Sources */,
				200479C329D434A300990591 /* SignIn.swift in Sources */,
				200479C129D3768100990591 /* ThirdPage.swift in Sources */,
				200479BF29D2036500990591 /* SignUp.swift in Sources */,
				20B6A2E229D17B9D00CFC7D8 /* AppDelegate.swift in Sources */,
				20B6A2E429D17B9D00CFC7D8 /* SceneDelegate.swift in Sources */,
			);
			runOnlyForDeploymentPostprocessing = 0;
		};
/* End PBXSourcesBuildPhase section */

/* Begin PBXVariantGroup section */
		20B6A2EC29D17B9E00CFC7D8 /* LaunchScreen.storyboard */ = {
			isa = PBXVariantGroup;
			children = (
				20B6A2ED29D17B9E00CFC7D8 /* Base */,
			);
			name = LaunchScreen.storyboard;
			sourceTree = "<group>";
		};
/* End PBXVariantGroup section */

/* Begin XCBuildConfiguration section */
		20B6A2F029D17B9E00CFC7D8 /* Debug */ = {
			isa = XCBuildConfiguration;
			buildSettings = {
				ALWAYS_SEARCH_USER_PATHS = NO;
				CLANG_ANALYZER_NONNULL = YES;
				CLANG_ANALYZER_NUMBER_OBJECT_CONVERSION = YES_AGGRESSIVE;
				CLANG_CXX_LANGUAGE_STANDARD = "gnu++20";
				CLANG_ENABLE_MODULES = YES;
				CLANG_ENABLE_OBJC_ARC = YES;
				CLANG_ENABLE_OBJC_WEAK = YES;
				CLANG_WARN_BLOCK_CAPTURE_AUTORELEASING = YES;
				CLANG_WARN_BOOL_CONVERSION = YES;
				CLANG_WARN_COMMA = YES;
				CLANG_WARN_CONSTANT_CONVERSION = YES;
				CLANG_WARN_DEPRECATED_OBJC_IMPLEMENTATIONS = YES;
				CLANG_WARN_DIRECT_OBJC_ISA_USAGE = YES_ERROR;
				CLANG_WARN_DOCUMENTATION_COMMENTS = YES;
				CLANG_WARN_EMPTY_BODY = YES;
				CLANG_WARN_ENUM_CONVERSION = YES;
				CLANG_WARN_INFINITE_RECURSION = YES;
				CLANG_WARN_INT_CONVERSION = YES;
				CLANG_WARN_NON_LITERAL_NULL_CONVERSION = YES;
				CLANG_WARN_OBJC_IMPLICIT_RETAIN_SELF = YES;
				CLANG_WARN_OBJC_LITERAL_CONVERSION = YES;
				CLANG_WARN_OBJC_ROOT_CLASS = YES_ERROR;
				CLANG_WARN_QUOTED_INCLUDE_IN_FRAMEWORK_HEADER = YES;
				CLANG_WARN_RANGE_LOOP_ANALYSIS = YES;
				CLANG_WARN_STRICT_PROTOTYPES = YES;
				CLANG_WARN_SUSPICIOUS_MOVE = YES;
				CLANG_WARN_UNGUARDED_AVAILABILITY = YES_AGGRESSIVE;
				CLANG_WARN_UNREACHABLE_CODE = YES;
				CLANG_WARN__DUPLICATE_METHOD_MATCH = YES;
				COPY_PHASE_STRIP = NO;
				DEBUG_INFORMATION_FORMAT = dwarf;
				ENABLE_STRICT_OBJC_MSGSEND = YES;
				ENABLE_TESTABILITY = YES;
				GCC_C_LANGUAGE_STANDARD = gnu11;
				GCC_DYNAMIC_NO_PIC = NO;
				GCC_NO_COMMON_BLOCKS = YES;
				GCC_OPTIMIZATION_LEVEL = 0;
				GCC_PREPROCESSOR_DEFINITIONS = (
					"DEBUG=1",
					"$(inherited)",
				);
				GCC_WARN_64_TO_32_BIT_CONVERSION = YES;
				GCC_WARN_ABOUT_RETURN_TYPE = YES_ERROR;
				GCC_WARN_UNDECLARED_SELECTOR = YES;
				GCC_WARN_UNINITIALIZED_AUTOS = YES_AGGRESSIVE;
				GCC_WARN_UNUSED_FUNCTION = YES;
				GCC_WARN_UNUSED_VARIABLE = YES;
				IPHONEOS_DEPLOYMENT_TARGET = 16.2;
				MTL_ENABLE_DEBUG_INFO = INCLUDE_SOURCE;
				MTL_FAST_MATH = YES;
				ONLY_ACTIVE_ARCH = YES;
				SDKROOT = iphoneos;
				SWIFT_ACTIVE_COMPILATION_CONDITIONS = DEBUG;
				SWIFT_OPTIMIZATION_LEVEL = "-Onone";
			};
			name = Debug;
		};
		20B6A2F129D17B9E00CFC7D8 /* Release */ = {
			isa = XCBuildConfiguration;
			buildSettings = {
				ALWAYS_SEARCH_USER_PATHS = NO;
				CLANG_ANALYZER_NONNULL = YES;
				CLANG_ANALYZER_NUMBER_OBJECT_CONVERSION = YES_AGGRESSIVE;
				CLANG_CXX_LANGUAGE_STANDARD = "gnu++20";
				CLANG_ENABLE_MODULES = YES;
				CLANG_ENABLE_OBJC_ARC = YES;
				CLANG_ENABLE_OBJC_WEAK = YES;
				CLANG_WARN_BLOCK_CAPTURE_AUTORELEASING = YES;
				CLANG_WARN_BOOL_CONVERSION = YES;
				CLANG_WARN_COMMA = YES;
				CLANG_WARN_CONSTANT_CONVERSION = YES;
				CLANG_WARN_DEPRECATED_OBJC_IMPLEMENTATIONS = YES;
				CLANG_WARN_DIRECT_OBJC_ISA_USAGE = YES_ERROR;
				CLANG_WARN_DOCUMENTATION_COMMENTS = YES;
				CLANG_WARN_EMPTY_BODY = YES;
				CLANG_WARN_ENUM_CONVERSION = YES;
				CLANG_WARN_INFINITE_RECURSION = YES;
				CLANG_WARN_INT_CONVERSION = YES;
				CLANG_WARN_NON_LITERAL_NULL_CONVERSION = YES;
				CLANG_WARN_OBJC_IMPLICIT_RETAIN_SELF = YES;
				CLANG_WARN_OBJC_LITERAL_CONVERSION = YES;
				CLANG_WARN_OBJC_ROOT_CLASS = YES_ERROR;
				CLANG_WARN_QUOTED_INCLUDE_IN_FRAMEWORK_HEADER = YES;
				CLANG_WARN_RANGE_LOOP_ANALYSIS = YES;
				CLANG_WARN_STRICT_PROTOTYPES = YES;
				CLANG_WARN_SUSPICIOUS_MOVE = YES;
				CLANG_WARN_UNGUARDED_AVAILABILITY = YES_AGGRESSIVE;
				CLANG_WARN_UNREACHABLE_CODE = YES;
				CLANG_WARN__DUPLICATE_METHOD_MATCH = YES;
				COPY_PHASE_STRIP = NO;
				DEBUG_INFORMATION_FORMAT = "dwarf-with-dsym";
				ENABLE_NS_ASSERTIONS = NO;
				ENABLE_STRICT_OBJC_MSGSEND = YES;
				GCC_C_LANGUAGE_STANDARD = gnu11;
				GCC_NO_COMMON_BLOCKS = YES;
				GCC_WARN_64_TO_32_BIT_CONVERSION = YES;
				GCC_WARN_ABOUT_RETURN_TYPE = YES_ERROR;
				GCC_WARN_UNDECLARED_SELECTOR = YES;
				GCC_WARN_UNINITIALIZED_AUTOS = YES_AGGRESSIVE;
				GCC_WARN_UNUSED_FUNCTION = YES;
				GCC_WARN_UNUSED_VARIABLE = YES;
				IPHONEOS_DEPLOYMENT_TARGET = 16.2;
				MTL_ENABLE_DEBUG_INFO = NO;
				MTL_FAST_MATH = YES;
				SDKROOT = iphoneos;
				SWIFT_COMPILATION_MODE = wholemodule;
				SWIFT_OPTIMIZATION_LEVEL = "-O";
				VALIDATE_PRODUCT = YES;
			};
			name = Release;
		};
		20B6A2F329D17B9E00CFC7D8 /* Debug */ = {
			isa = XCBuildConfiguration;
			buildSettings = {
				ASSETCATALOG_COMPILER_APPICON_NAME = AppIcon;
				ASSETCATALOG_COMPILER_GLOBAL_ACCENT_COLOR_NAME = AccentColor;
				CODE_SIGN_STYLE = Automatic;
				CURRENT_PROJECT_VERSION = 1;
				DEVELOPMENT_TEAM = CCL446QBKG;
				GENERATE_INFOPLIST_FILE = YES;
				INFOPLIST_FILE = "Work Out Club/Info.plist";
				INFOPLIST_KEY_UIApplicationSupportsIndirectInputEvents = YES;
				INFOPLIST_KEY_UILaunchStoryboardName = LaunchScreen;
				INFOPLIST_KEY_UISupportedInterfaceOrientations_iPad = "UIInterfaceOrientationPortrait UIInterfaceOrientationPortraitUpsideDown UIInterfaceOrientationLandscapeLeft UIInterfaceOrientationLandscapeRight";
				INFOPLIST_KEY_UISupportedInterfaceOrientations_iPhone = "UIInterfaceOrientationPortrait UIInterfaceOrientationLandscapeLeft UIInterfaceOrientationLandscapeRight";
				LD_RUNPATH_SEARCH_PATHS = (
					"$(inherited)",
					"@executable_path/Frameworks",
				);
				MARKETING_VERSION = 1.0;
				PRODUCT_BUNDLE_IDENTIFIER = "Vindya-Sunali.Work-Out-Club";
				PRODUCT_NAME = "$(TARGET_NAME)";
				SWIFT_EMIT_LOC_STRINGS = YES;
				SWIFT_VERSION = 5.0;
				TARGETED_DEVICE_FAMILY = "1,2";
			};
			name = Debug;
		};
		20B6A2F429D17B9E00CFC7D8 /* Release */ = {
			isa = XCBuildConfiguration;
			buildSettings = {
				ASSETCATALOG_COMPILER_APPICON_NAME = AppIcon;
				ASSETCATALOG_COMPILER_GLOBAL_ACCENT_COLOR_NAME = AccentColor;
				CODE_SIGN_STYLE = Automatic;
				CURRENT_PROJECT_VERSION = 1;
				DEVELOPMENT_TEAM = CCL446QBKG;
				GENERATE_INFOPLIST_FILE = YES;
				INFOPLIST_FILE = "Work Out Club/Info.plist";
				INFOPLIST_KEY_UIApplicationSupportsIndirectInputEvents = YES;
				INFOPLIST_KEY_UILaunchStoryboardName = LaunchScreen;
				INFOPLIST_KEY_UISupportedInterfaceOrientations_iPad = "UIInterfaceOrientationPortrait UIInterfaceOrientationPortraitUpsideDown UIInterfaceOrientationLandscapeLeft UIInterfaceOrientationLandscapeRight";
				INFOPLIST_KEY_UISupportedInterfaceOrientations_iPhone = "UIInterfaceOrientationPortrait UIInterfaceOrientationLandscapeLeft UIInterfaceOrientationLandscapeRight";
				LD_RUNPATH_SEARCH_PATHS = (
					"$(inherited)",
					"@executable_path/Frameworks",
				);
				MARKETING_VERSION = 1.0;
				PRODUCT_BUNDLE_IDENTIFIER = "Vindya-Sunali.Work-Out-Club";
				PRODUCT_NAME = "$(TARGET_NAME)";
				SWIFT_EMIT_LOC_STRINGS = YES;
				SWIFT_VERSION = 5.0;
				TARGETED_DEVICE_FAMILY = "1,2";
			};
			name = Release;
		};
/* End XCBuildConfiguration section */

/* Begin XCConfigurationList section */
		20B6A2D929D17B9D00CFC7D8 /* Build configuration list for PBXProject "Work Out Club" */ = {
			isa = XCConfigurationList;
			buildConfigurations = (
				20B6A2F029D17B9E00CFC7D8 /* Debug */,
				20B6A2F129D17B9E00CFC7D8 /* Release */,
			);
			defaultConfigurationIsVisible = 0;
			defaultConfigurationName = Release;
		};
		20B6A2F229D17B9E00CFC7D8 /* Build configuration list for PBXNativeTarget "Work Out Club" */ = {
			isa = XCConfigurationList;
			buildConfigurations = (
				20B6A2F329D17B9E00CFC7D8 /* Debug */,
				20B6A2F429D17B9E00CFC7D8 /* Release */,
			);
			defaultConfigurationIsVisible = 0;
			defaultConfigurationName = Release;
		};
/* End XCConfigurationList section */
	};
	rootObject = 20B6A2D629D17B9D00CFC7D8 /* Project object */;
}
